
Microsoft Visual Studio Solution File, Format Version 12.00
# Visual Studio Version 16
VisualStudioVersion = 16.0.29519.87
MinimumVisualStudioVersion = 10.0.40219.1
Project("{FAE04EC0-301F-11D3-BF4B-00C04F79EFBC}") = "MusicDirectory", "MusicDirectory\MusicDirectory.csproj", "{1201029D-8F1A-48DF-8809-0A2CD091C7F7}"
EndProject
Global
	GlobalSection(SolutionConfigurationPlatforms) = preSolution
		Debug|Any CPU = Debug|Any CPU
		Release|Any CPU = Release|Any CPU
	EndGlobalSection
	GlobalSection(ProjectConfigurationPlatforms) = postSolution
		{1201029D-8F1A-48DF-8809-0A2CD091C7F7}.Debug|Any CPU.ActiveCfg = Debug|Any CPU
		{1201029D-8F1A-48DF-8809-0A2CD091C7F7}.Debug|Any CPU.Build.0 = Debug|Any CPU
		{1201029D-8F1A-48DF-8809-0A2CD091C7F7}.Release|Any CPU.ActiveCfg = Release|Any CPU
		{1201029D-8F1A-48DF-8809-0A2CD091C7F7}.Release|Any CPU.Build.0 = Release|Any CPU
	EndGlobalSection
	GlobalSection(SolutionProperties) = preSolution
		HideSolutionNode = FALSE
	EndGlobalSection
	GlobalSection(ExtensibilityGlobals) = postSolution
		SolutionGuid = {69F9F0B4-53FF-41ED-BC57-F8FD43BAD3C3}
	EndGlobalSection
EndGlobal
